PODS:
  - MBProgressHUD (0.9.2)
  - SCLAlertView (0.8)
  - SDWebImage (4.4.7):
    - SDWebImage/Core (= 4.4.7)
  - SDWebImage/Core (4.4.7)
  - SwiftHTTP (3.0.1)
  - XLPagerTabStrip (8.1.1)

DEPENDENCIES:
  - MBProgressHUD (~> 0.9.0)
  - SCLAlertView
  - SDWebImage (~> 4.0)
  - SwiftHTTP (~> 3.0.1)
  - XLPagerTabStrip (~> 8.0)

SPEC REPOS:
  https://github.com/cocoapods/specs.git:
    - MBProgressHUD
    - SCLAlertView
    - SDWebImage
    - SwiftHTTP
    - XLPagerTabStrip

SPEC CHECKSUMS:
  MBProgressHUD: 1569cf7ace17a8bac47aabfbb8580a49690386d1
  SCLAlertView: 6a77bb2edfc65e04dbe57725546cb4107a506b85
  SDWebImage: c10d14a8883ebd89664f02a422006f66a85c0c5d
  SwiftHTTP: e94f1aa8cde58637dcc0100f6349de31a3337fde
  XLPagerTabStrip: 63166e21c9844fa30f2d95d30f335e73be5caf22

PODFILE CHECKSUM: 49c580f712fd7337fef5b913b3731a0491cb089e

COCOAPODS: 1.7.5
